
Microsoft Visual Studio Solution File, Format Version 12.00
# Visual Studio 15
VisualStudioVersion = 15.0.27130.2010
MinimumVisualStudioVersion = 10.0.40219.1
Project("{FAE04EC0-301F-11D3-BF4B-00C04F79EFBC}") = "LuckyNumbers", "LuckyNumbers\LuckyNumbers.csproj", "{7B2C73C0-897F-40E2-95CD-FCAA026DCAAA}"
EndProject
Global
	GlobalSection(SolutionConfigurationPlatforms) = preSolution
		Debug|Any CPU = Debug|Any CPU
		Release|Any CPU = Release|Any CPU
	EndGlobalSection
	GlobalSection(ProjectConfigurationPlatforms) = postSolution
		{7B2C73C0-897F-40E2-95CD-FCAA026DCAAA}.Debug|Any CPU.ActiveCfg = Debug|Any CPU
		{7B2C73C0-897F-40E2-95CD-FCAA026DCAAA}.Debug|Any CPU.Build.0 = Debug|Any CPU
		{7B2C73C0-897F-40E2-95CD-FCAA026DCAAA}.Release|Any CPU.ActiveCfg = Release|Any CPU
		{7B2C73C0-897F-40E2-95CD-FCAA026DCAAA}.Release|Any CPU.Build.0 = Release|Any CPU
	EndGlobalSection
	GlobalSection(SolutionProperties) = preSolution
		HideSolutionNode = FALSE
	EndGlobalSection
	GlobalSection(ExtensibilityGlobals) = postSolution
		SolutionGuid = {77E11971-CC77-42C6-8262-A90B491B29DA}
	EndGlobalSection
EndGlobal
